
Microsoft Visual Studio Solution File, Format Version 12.00
# Visual Studio 15
VisualStudioVersion = 15.0.27428.2037
MinimumVisualStudioVersion = 10.0.40219.1
Project("{8BC9CEB8-8B4A-11D0-8D11-00A0C91BC942}") = "ex3_guy_gera", "ex3_guy_gera\ex3_guy_gera.vcxproj", "{C7D043B2-C8EA-4A93-B707-AE58A9D414CB}"
EndProject
Global
	GlobalSection(SolutionConfigurationPlatforms) = preSolution
		Debug|x64 = Debug|x64
		Debug|x86 = Debug|x86
		Release|x64 = Release|x64
		Release|x86 = Release|x86
	EndGlobalSection
	GlobalSection(ProjectConfigurationPlatforms) = postSolution
		{C7D043B2-C8EA-4A93-B707-AE58A9D414CB}.Debug|x64.ActiveCfg = Debug|x64
		{C7D043B2-C8EA-4A93-B707-AE58A9D414CB}.Debug|x64.Build.0 = Debug|x64
		{C7D043B2-C8EA-4A93-B707-AE58A9D414CB}.Debug|x86.ActiveCfg = Debug|Win32
		{C7D043B2-C8EA-4A93-B707-AE58A9D414CB}.Debug|x86.Build.0 = Debug|Win32
		{C7D043B2-C8EA-4A93-B707-AE58A9D414CB}.Release|x64.ActiveCfg = Release|x64
		{C7D043B2-C8EA-4A93-B707-AE58A9D414CB}.Release|x64.Build.0 = Release|x64
		{C7D043B2-C8EA-4A93-B707-AE58A9D414CB}.Release|x86.ActiveCfg = Release|Win32
		{C7D043B2-C8EA-4A93-B707-AE58A9D414CB}.Release|x86.Build.0 = Release|Win32
	EndGlobalSection
	GlobalSection(SolutionProperties) = preSolution
		HideSolutionNode = FALSE
	EndGlobalSection
	GlobalSection(ExtensibilityGlobals) = postSolution
		SolutionGuid = {EEC3ADC5-A7E7-40C8-97F6-A7D62A76B319}
	EndGlobalSection
EndGlobal
